
Microsoft Visual Studio Solution File, Format Version 12.00
# Visual Studio Version 16
VisualStudioVersion = 16.0.29102.190
MinimumVisualStudioVersion = 10.0.40219.1
Project("{FAE04EC0-301F-11D3-BF4B-00C04F79EFBC}") = "API", "API\API.csproj", "{B742700B-B1BC-46E3-8B7A-2DC184210700}"
EndProject
Global
	GlobalSection(SolutionConfigurationPlatforms) = preSolution
		Debug|Any CPU = Debug|Any CPU
		Release|Any CPU = Release|Any CPU
	EndGlobalSection
	GlobalSection(ProjectConfigurationPlatforms) = postSolution
		{B742700B-B1BC-46E3-8B7A-2DC184210700}.Debug|Any CPU.ActiveCfg = Debug|Any CPU
		{B742700B-B1BC-46E3-8B7A-2DC184210700}.Debug|Any CPU.Build.0 = Debug|Any CPU
		{B742700B-B1BC-46E3-8B7A-2DC184210700}.Release|Any CPU.ActiveCfg = Release|Any CPU
		{B742700B-B1BC-46E3-8B7A-2DC184210700}.Release|Any CPU.Build.0 = Release|Any CPU
	EndGlobalSection
	GlobalSection(SolutionProperties) = preSolution
		HideSolutionNode = FALSE
	EndGlobalSection
	GlobalSection(ExtensibilityGlobals) = postSolution
		SolutionGuid = {4CB6ADC1-2035-43A2-BE16-744CA5339EDA}
	EndGlobalSection
EndGlobal
